
Microsoft Visual Studio Solution File, Format Version 12.00
# Visual Studio Version 17
VisualStudioVersion = 17.9.34321.82
MinimumVisualStudioVersion = 10.0.40219.1
Project("{9A19103F-16F7-4668-BE54-9A1E7A4F7556}") = "ICS.API", "ICS.API\ICS.API.csproj", "{9D7B5E9B-62E4-497B-893F-868F88B9D40B}"
EndProject
Project("{00D1A9C2-B5F0-4AF3-8072-F6C62B433612}") = "ICS.Database", "ICS.Database\ICS.Database.sqlproj", "{AADE7E2B-4365-469B-BED2-85F65D319DD6}"
EndProject
Project("{FAE04EC0-301F-11D3-BF4B-00C04F79EFBC}") = "ICS.DataAccess", "ICS.DataAccess\ICS.DataAccess.csproj", "{8BB2368C-C939-4DF0-A916-0B3B47BBF0DB}"
EndProject
Global
	GlobalSection(SolutionConfigurationPlatforms) = preSolution
		Debug|Any CPU = Debug|Any CPU
		Release|Any CPU = Release|Any CPU
	EndGlobalSection
	GlobalSection(ProjectConfigurationPlatforms) = postSolution
		{9D7B5E9B-62E4-497B-893F-868F88B9D40B}.Debug|Any CPU.ActiveCfg = Debug|Any CPU
		{9D7B5E9B-62E4-497B-893F-868F88B9D40B}.Debug|Any CPU.Build.0 = Debug|Any CPU
		{9D7B5E9B-62E4-497B-893F-868F88B9D40B}.Release|Any CPU.ActiveCfg = Release|Any CPU
		{9D7B5E9B-62E4-497B-893F-868F88B9D40B}.Release|Any CPU.Build.0 = Release|Any CPU
		{AADE7E2B-4365-469B-BED2-85F65D319DD6}.Debug|Any CPU.ActiveCfg = Debug|Any CPU
		{AADE7E2B-4365-469B-BED2-85F65D319DD6}.Debug|Any CPU.Build.0 = Debug|Any CPU
		{AADE7E2B-4365-469B-BED2-85F65D319DD6}.Debug|Any CPU.Deploy.0 = Debug|Any CPU
		{AADE7E2B-4365-469B-BED2-85F65D319DD6}.Release|Any CPU.ActiveCfg = Release|Any CPU
		{AADE7E2B-4365-469B-BED2-85F65D319DD6}.Release|Any CPU.Build.0 = Release|Any CPU
		{AADE7E2B-4365-469B-BED2-85F65D319DD6}.Release|Any CPU.Deploy.0 = Release|Any CPU
		{8BB2368C-C939-4DF0-A916-0B3B47BBF0DB}.Debug|Any CPU.ActiveCfg = Debug|Any CPU
		{8BB2368C-C939-4DF0-A916-0B3B47BBF0DB}.Debug|Any CPU.Build.0 = Debug|Any CPU
		{8BB2368C-C939-4DF0-A916-0B3B47BBF0DB}.Release|Any CPU.ActiveCfg = Release|Any CPU
		{8BB2368C-C939-4DF0-A916-0B3B47BBF0DB}.Release|Any CPU.Build.0 = Release|Any CPU
	EndGlobalSection
	GlobalSection(SolutionProperties) = preSolution
		HideSolutionNode = FALSE
	EndGlobalSection
	GlobalSection(ExtensibilityGlobals) = postSolution
		SolutionGuid = {382D2AA6-F905-48EB-914E-622C59BE086B}
	EndGlobalSection
EndGlobal
